<Solution>
  <Folder Name="/Root/">
    <File Path="Directory.Packages.props" />
    <File Path="global.json" />
  </Folder>
  <Project Path="../Reactive.Avalonia/Reactive.Avalonia.csproj" />
  <Project Path="Reactive.Avalonia.Sample.Android/Reactive.Avalonia.Sample.Android.csproj">
    <Deploy />
  </Project>
  <Project Path="Reactive.Avalonia.Sample.Browser/Reactive.Avalonia.Sample.Browser.csproj" />
  <Project Path="Reactive.Avalonia.Sample.Desktop/Reactive.Avalonia.Sample.Desktop.csproj" />
  <Project Path="Reactive.Avalonia.Sample/Reactive.Avalonia.Sample.csproj" />
</Solution>
